
Microsoft Visual Studio Solution File, Format Version 12.00
# Visual Studio Version 17
VisualStudioVersion = 17.3.32929.385
MinimumVisualStudioVersion = 10.0.40219.1
Project("{FAE04EC0-301F-11D3-BF4B-00C04F79EFBC}") = "HW4-1", "HW4-1\HW4-1.csproj", "{7F36D642-88C1-45D7-932F-4439F2D318F9}"
EndProject
Global
	GlobalSection(SolutionConfigurationPlatforms) = preSolution
		Debug|Any CPU = Debug|Any CPU
		Release|Any CPU = Release|Any CPU
	EndGlobalSection
	GlobalSection(ProjectConfigurationPlatforms) = postSolution
		{7F36D642-88C1-45D7-932F-4439F2D318F9}.Debug|Any CPU.ActiveCfg = Debug|Any CPU
		{7F36D642-88C1-45D7-932F-4439F2D318F9}.Debug|Any CPU.Build.0 = Debug|Any CPU
		{7F36D642-88C1-45D7-932F-4439F2D318F9}.Release|Any CPU.ActiveCfg = Release|Any CPU
		{7F36D642-88C1-45D7-932F-4439F2D318F9}.Release|Any CPU.Build.0 = Release|Any CPU
	EndGlobalSection
	GlobalSection(SolutionProperties) = preSolution
		HideSolutionNode = FALSE
	EndGlobalSection
	GlobalSection(ExtensibilityGlobals) = postSolution
		SolutionGuid = {29A55584-A13E-43E6-B369-6A45E715DF65}
	EndGlobalSection
EndGlobal
